// !$*UTF8*$!
{
	archiveVersion = 1;
	classes = {
	};
	objectVersion = 48;
	objects = {

/* Begin PBXBuildFile section */
		DEA9DA6820112FAD0033F75C /* AppDelegate.swift in Sources */ = {isa = PBXBuildFile; fileRef = DEA9DA6720112FAD0033F75C /* AppDelegate.swift */; };
		DEA9DA6A20112FAD0033F75C /* ViewController.swift in Sources */ = {isa = PBXBuildFile; fileRef = DEA9DA6920112FAD0033F75C /* ViewController.swift */; };
		DEA9DA6D20112FAD0033F75C /* Main.storyboard in Resources */ = {isa = PBXBuildFile; fileRef = DEA9DA6B20112FAD0033F75C /* Main.storyboard */; };
		DEA9DA6F20112FAD0033F75C /* Assets.xcassets in Resources */ = {isa = PBXBuildFile; fileRef = DEA9DA6E20112FAD0033F75C /* Assets.xcassets */; };
		DEA9DA7220112FAD0033F75C /* LaunchScreen.storyboard in Resources */ = {isa = PBXBuildFile; fileRef = DEA9DA7020112FAD0033F75C /* LaunchScreen.storyboard */; };
/* End PBXBuildFile section */

/* Begin PBXFileReference section */
		DEA9DA6420112FAD0033F75C /* Fake Uber.app */ = {isa = PBXFileReference; explicitFileType = wrapper.application; includeInIndex = 0; path = "Fake Uber.app"; sourceTree = BUILT_PRODUCTS_DIR; };
		DEA9DA6720112FAD0033F75C /* AppDelegate.swift */ = {isa = PBXFileReference; lastKnownFileType = sourcecode.swift; path = AppDelegate.swift; sourceTree = "<group>"; };
		DEA9DA6920112FAD0033F75C /* ViewController.swift */ = {isa = PBXFileReference; lastKnownFileType = sourcecode.swift; path = ViewController.swift; sourceTree = "<group>"; };
		DEA9DA6C20112FAD0033F75C /* Base */ = {isa = PBXFileReference; lastKnownFileType = file.storyboard; name = Base; path = Base.lproj/Main.storyboard; sourceTree = "<group>"; };
		DEA9DA6E20112FAD0033F75C /* Assets.xcassets */ = {isa = PBXFileReference; lastKnownFileType = folder.assetcatalog; path = Assets.xcassets; sourceTree = "<group>"; };
		DEA9DA7120112FAD0033F75C /* Base */ = {isa = PBXFileReference; lastKnownFileType = file.storyboard; name = Base; path = Base.lproj/LaunchScreen.storyboard; sourceTree = "<group>"; };
		DEA9DA7320112FAD0033F75C /* Info.plist */ = {isa = PBXFileReference; lastKnownFileType = text.plist.xml; path = Info.plist; sourceTree = "<group>"; };
/* End PBXFileReference section */

/* Begin PBXFrameworksBuildPhase section */
		DEA9DA6120112FAD0033F75C /* Frameworks */ = {
			isa = PBXFrameworksBuildPhase;
			buildActionMask = 2147483647;
			files = (
			);
			runOnlyForDeploymentPostprocessing = 0;
		};
/* End PBXFrameworksBuildPhase section */

/* Begin PBXGroup section */
		DEA9DA5B20112FAD0033F75C = {
			isa = PBXGroup;
			children = (
				DEA9DA6620112FAD0033F75C /* Fake Uber */,
				DEA9DA6520112FAD0033F75C /* Products */,
			);
			sourceTree = "<group>";
		};
		DEA9DA6520112FAD0033F75C /* Products */ = {
			isa = PBXGroup;
			children = (
				DEA9DA6420112FAD0033F75C /* Fake Uber.app */,
			);
			name = Products;
			sourceTree = "<group>";
		};
		DEA9DA6620112FAD0033F75C /* Fake Uber */ = {
			isa = PBXGroup;
			children = (
				DEA9DA6720112FAD0033F75C /* AppDelegate.swift */,
				DEA9DA6920112FAD0033F75C /* ViewController.swift */,
				DEA9DA6B20112FAD0033F75C /* Main.storyboard */,
				DEA9DA6E20112FAD0033F75C /* Assets.xcassets */,
				DEA9DA7020112FAD0033F75C /* LaunchScreen.storyboard */,
				DEA9DA7320112FAD0033F75C /* Info.plist */,
			);
			path = "Fake Uber";
			sourceTree = "<group>";
		};
/* End PBXGroup section */

/* Begin PBXNativeTarget section */
		DEA9DA6320112FAD0033F75C /* Fake Uber */ = {
			isa = PBXNativeTarget;
			buildConfigurationList = DEA9DA7620112FAD0033F75C /* Build configuration list for PBXNativeTarget "Fake Uber" */;
			buildPhases = (
				DEA9DA6020112FAD0033F75C /* Sources */,
				DEA9DA6120112FAD0033F75C /* Frameworks */,
				DEA9DA6220112FAD0033F75C /* Resources */,
			);
			buildRules = (
			);
			dependencies = (
			);
			name = "Fake Uber";
			productName = "Fake Uber";
			productReference = DEA9DA6420112FAD0033F75C /* Fake Uber.app */;
			productType = "com.apple.product-type.application";
		};
/* End PBXNativeTarget section */

/* Begin PBXProject section */
		DEA9DA5C20112FAD0033F75C /* Project object */ = {
			isa = PBXProject;
			attributes = {
				LastSwiftUpdateCheck = 0920;
				LastUpgradeCheck = 0920;
				ORGANIZATIONNAME = "OnionApps Inc.";
				TargetAttributes = {
					DEA9DA6320112FAD0033F75C = {
						CreatedOnToolsVersion = 9.2;
						ProvisioningStyle = Automatic;
					};
				};
			};
			buildConfigurationList = DEA9DA5F20112FAD0033F75C /* Build configuration list for PBXProject "Fake Uber" */;
			compatibilityVersion = "Xcode 8.0";
			developmentRegion = en;
			hasScannedForEncodings = 0;
			knownRegions = (
				en,
				Base,
			);
			mainGroup = DEA9DA5B20112FAD0033F75C;
			productRefGroup = DEA9DA6520112FAD0033F75C /* Products */;
			projectDirPath = "";
			projectRoot = "";
			targets = (
				DEA9DA6320112FAD0033F75C /* Fake Uber */,
			);
		};
/* End PBXProject section */

/* Begin PBXResourcesBuildPhase section */
		DEA9DA6220112FAD0033F75C /* Resources */ = {
			isa = PBXResourcesBuildPhase;
			buildActionMask = 2147483647;
			files = (
				DEA9DA7220112FAD0033F75C /* LaunchScreen.storyboard in Resources */,
				DEA9DA6F20112FAD0033F75C /* Assets.xcassets in Resources */,
				DEA9DA6D20112FAD0033F75C /* Main.storyboard in Resources */,
			);
			runOnlyForDeploymentPostprocessing = 0;
		};
/* End PBXResourcesBuildPhase section */

/* Begin PBXSourcesBuildPhase section */
		DEA9DA6020112FAD0033F75C /* Sources */ = {
			isa = PBXSourcesBuildPhase;
			buildActionMask = 2147483647;
			files = (
				DEA9DA6A20112FAD0033F75C /* ViewController.swift in Sources */,
				DEA9DA6820112FAD0033F75C /* AppDelegate.swift in Sources */,
			);
			runOnlyForDeploymentPostprocessing = 0;
		};
/* End PBXSourcesBuildPhase section */

/* Begin PBXVariantGroup section */
		DEA9DA6B20112FAD0033F75C /* Main.storyboard */ = {
			isa = PBXVariantGroup;
			children = (
				DEA9DA6C20112FAD0033F75C /* Base */,
			);
			name = Main.storyboard;
			sourceTree = "<group>";
		};
		DEA9DA7020112FAD0033F75C /* LaunchScreen.storyboard */ = {
			isa = PBXVariantGroup;
			children = (
				DEA9DA7120112FAD0033F75C /* Base */,
			);
			name = LaunchScreen.storyboard;
			sourceTree = "<group>";
		};
/* End PBXVariantGroup section */

/* Begin XCBuildConfiguration section */
		DEA9DA7420112FAD0033F75C /* Debug */ = {
			isa = XCBuildConfiguration;
			buildSettings = {
				ALWAYS_SEARCH_USER_PATHS = NO;
				CLANG_ANALYZER_NONNULL = YES;
				CLANG_ANALYZER_NUMBER_OBJECT_CONVERSION = YES_AGGRESSIVE;
				CLANG_CXX_LANGUAGE_STANDARD = "gnu++14";
				CLANG_CXX_LIBRARY = "libc++";
				CLANG_ENABLE_MODULES = YES;
				CLANG_ENABLE_OBJC_ARC = YES;
				CLANG_WARN_BLOCK_CAPTURE_AUTORELEASING = YES;
				CLANG_WARN_BOOL_CONVERSION = YES;
				CLANG_WARN_COMMA = YES;
				CLANG_WARN_CONSTANT_CONVERSION = YES;
				CLANG_WARN_DIRECT_OBJC_ISA_USAGE = YES_ERROR;
				CLANG_WARN_DOCUMENTATION_COMMENTS = YES;
				CLANG_WARN_EMPTY_BODY = YES;
				CLANG_WARN_ENUM_CONVERSION = YES;
				CLANG_WARN_INFINITE_RECURSION = YES;
				CLANG_WARN_INT_CONVERSION = YES;
				CLANG_WARN_NON_LITERAL_NULL_CONVERSION = YES;
				CLANG_WARN_OBJC_LITERAL_CONVERSION = YES;
				CLANG_WARN_OBJC_ROOT_CLASS = YES_ERROR;
				CLANG_WARN_RANGE_LOOP_ANALYSIS = YES;
				CLANG_WARN_STRICT_PROTOTYPES = YES;
				CLANG_WARN_SUSPICIOUS_MOVE = YES;
				CLANG_WARN_UNGUARDED_AVAILABILITY = YES_AGGRESSIVE;
				CLANG_WARN_UNREACHABLE_CODE = YES;
				CLANG_WARN__DUPLICATE_METHOD_MATCH = YES;
				CODE_SIGN_IDENTITY = "iPhone Developer";
				COPY_PHASE_STRIP = NO;
				DEBUG_INFORMATION_FORMAT = dwarf;
				ENABLE_STRICT_OBJC_MSGSEND = YES;
				ENABLE_TESTABILITY = YES;
				GCC_C_LANGUAGE_STANDARD = gnu11;
				GCC_DYNAMIC_NO_PIC = NO;
				GCC_NO_COMMON_BLOCKS = YES;
				GCC_OPTIMIZATION_LEVEL = 0;
				GCC_PREPROCESSOR_DEFINITIONS = (
					"DEBUG=1",
					"$(inherited)",
				);
				GCC_WARN_64_TO_32_BIT_CONVERSION = YES;
				GCC_WARN_ABOUT_RETURN_TYPE = YES_ERROR;
				GCC_WARN_UNDECLARED_SELECTOR = YES;
				GCC_WARN_UNINITIALIZED_AUTOS = YES_AGGRESSIVE;
				GCC_WARN_UNUSED_FUNCTION = YES;
				GCC_WARN_UNUSED_VARIABLE = YES;
				IPHONEOS_DEPLOYMENT_TARGET = 11.2;
				MTL_ENABLE_DEBUG_INFO = YES;
				ONLY_ACTIVE_ARCH = YES;
				SDKROOT = iphoneos;
				SWIFT_ACTIVE_COMPILATION_CONDITIONS = DEBUG;
				SWIFT_OPTIMIZATION_LEVEL = "-Onone";
			};
			name = Debug;
		};
		DEA9DA7520112FAD0033F75C /* Release */ = {
			isa = XCBuildConfiguration;
			buildSettings = {
				ALWAYS_SEARCH_USER_PATHS = NO;
				CLANG_ANALYZER_NONNULL = YES;
				CLANG_ANALYZER_NUMBER_OBJECT_CONVERSION = YES_AGGRESSIVE;
				CLANG_CXX_LANGUAGE_STANDARD = "gnu++14";
				CLANG_CXX_LIBRARY = "libc++";
				CLANG_ENABLE_MODULES = YES;
				CLANG_ENABLE_OBJC_ARC = YES;
				CLANG_WARN_BLOCK_CAPTURE_AUTORELEASING = YES;
				CLANG_WARN_BOOL_CONVERSION = YES;
				CLANG_WARN_COMMA = YES;
				CLANG_WARN_CONSTANT_CONVERSION = YES;
				CLANG_WARN_DIRECT_OBJC_ISA_USAGE = YES_ERROR;
				CLANG_WARN_DOCUMENTATION_COMMENTS = YES;
				CLANG_WARN_EMPTY_BODY = YES;
				CLANG_WARN_ENUM_CONVERSION = YES;
				CLANG_WARN_INFINITE_RECURSION = YES;
				CLANG_WARN_INT_CONVERSION = YES;
				CLANG_WARN_NON_LITERAL_NULL_CONVERSION = YES;
				CLANG_WARN_OBJC_LITERAL_CONVERSION = YES;
				CLANG_WARN_OBJC_ROOT_CLASS = YES_ERROR;
				CLANG_WARN_RANGE_LOOP_ANALYSIS = YES;
				CLANG_WARN_STRICT_PROTOTYPES = YES;
				CLANG_WARN_SUSPICIOUS_MOVE = YES;
				CLANG_WARN_UNGUARDED_AVAILABILITY = YES_AGGRESSIVE;
				CLANG_WARN_UNREACHABLE_CODE = YES;
				CLANG_WARN__DUPLICATE_METHOD_MATCH = YES;
				CODE_SIGN_IDENTITY = "iPhone Developer";
				COPY_PHASE_STRIP = NO;
				DEBUG_INFORMATION_FORMAT = "dwarf-with-dsym";
				ENABLE_NS_ASSERTIONS = NO;
				ENABLE_STRICT_OBJC_MSGSEND = YES;
				GCC_C_LANGUAGE_STANDARD = gnu11;
				GCC_NO_COMMON_BLOCKS = YES;
				GCC_WARN_64_TO_32_BIT_CONVERSION = YES;
				GCC_WARN_ABOUT_RETURN_TYPE = YES_ERROR;
				GCC_WARN_UNDECLARED_SELECTOR = YES;
				GCC_WARN_UNINITIALIZED_AUTOS = YES_AGGRESSIVE;
				GCC_WARN_UNUSED_FUNCTION = YES;
				GCC_WARN_UNUSED_VARIABLE = YES;
				IPHONEOS_DEPLOYMENT_TARGET = 11.2;
				MTL_ENABLE_DEBUG_INFO = NO;
				SDKROOT = iphoneos;
				SWIFT_OPTIMIZATION_LEVEL = "-Owholemodule";
				VALIDATE_PRODUCT = YES;
			};
			name = Release;
		};
		DEA9DA7720112FAD0033F75C /* Debug */ = {
			isa = XCBuildConfiguration;
			buildSettings = {
				ASSETCATALOG_COMPILER_APPICON_NAME = AppIcon;
				CODE_SIGN_STYLE = Automatic;
				DEVELOPMENT_TEAM = H27XDZ2QBG;
				INFOPLIST_FILE = "Fake Uber/Info.plist";
				LD_RUNPATH_SEARCH_PATHS = "$(inherited) @executable_path/Frameworks";
				PRODUCT_BUNDLE_IDENTIFIER = "io.OnionApps..Fake-Uber";
				PRODUCT_NAME = "$(TARGET_NAME)";
				SWIFT_VERSION = 4.0;
				TARGETED_DEVICE_FAMILY = "1,2";
			};
			name = Debug;
		};
		DEA9DA7820112FAD0033F75C /* Release */ = {
			isa = XCBuildConfiguration;
			buildSettings = {
				ASSETCATALOG_COMPILER_APPICON_NAME = AppIcon;
				CODE_SIGN_STYLE = Automatic;
				DEVELOPMENT_TEAM = H27XDZ2QBG;
				INFOPLIST_FILE = "Fake Uber/Info.plist";
				LD_RUNPATH_SEARCH_PATHS = "$(inherited) @executable_path/Frameworks";
				PRODUCT_BUNDLE_IDENTIFIER = "io.OnionApps..Fake-Uber";
				PRODUCT_NAME = "$(TARGET_NAME)";
				SWIFT_VERSION = 4.0;
				TARGETED_DEVICE_FAMILY = "1,2";
			};
			name = Release;
		};
/* End XCBuildConfiguration section */

/* Begin XCConfigurationList section */
		DEA9DA5F20112FAD0033F75C /* Build configuration list for PBXProject "Fake Uber" */ = {
			isa = XCConfigurationList;
			buildConfigurations = (
				DEA9DA7420112FAD0033F75C /* Debug */,
				DEA9DA7520112FAD0033F75C /* Release */,
			);
			defaultConfigurationIsVisible = 0;
			defaultConfigurationName = Release;
		};
		DEA9DA7620112FAD0033F75C /* Build configuration list for PBXNativeTarget "Fake Uber" */ = {
			isa = XCConfigurationList;
			buildConfigurations = (
				DEA9DA7720112FAD0033F75C /* Debug */,
				DEA9DA7820112FAD0033F75C /* Release */,
			);
			defaultConfigurationIsVisible = 0;
			defaultConfigurationName = Release;
		};
/* End XCConfigurationList section */
	};
	rootObject = DEA9DA5C20112FAD0033F75C /* Project object */;
}
